// !$*UTF8*$!
{
	archiveVersion = 1;
	classes = {
	};
	objectVersion = 56;
	objects = {

/* Begin PBXBuildFile section */
		375662CD2A03491C0005FA8B /* ModelData.swift in Sources */ = {isa = PBXBuildFile; fileRef = 375662CC2A03491C0005FA8B /* ModelData.swift */; };
		375662D22A03516A0005FA8B /* LandmarkRow.swift in Sources */ = {isa = PBXBuildFile; fileRef = 375662D12A03516A0005FA8B /* LandmarkRow.swift */; };
		375662D42A0358390005FA8B /* landmarkData.json in Resources */ = {isa = PBXBuildFile; fileRef = 375662D32A0358390005FA8B /* landmarkData.json */; };
		375662D62A035CDD0005FA8B /* LandmarkList.swift in Sources */ = {isa = PBXBuildFile; fileRef = 375662D52A035CDD0005FA8B /* LandmarkList.swift */; };
		375662D82A035F950005FA8B /* LandmarkDetail.swift in Sources */ = {isa = PBXBuildFile; fileRef = 375662D72A035F950005FA8B /* LandmarkDetail.swift */; };
		378D05D22A038B250063622F /* LoginView.swift in Sources */ = {isa = PBXBuildFile; fileRef = 378D05D12A038B250063622F /* LoginView.swift */; };
		378D05D52A038B420063622F /* AlertToast in Frameworks */ = {isa = PBXBuildFile; productRef = 378D05D42A038B420063622F /* AlertToast */; };
		378D05D72A038BC20063622F /* LoginViewModel.swift in Sources */ = {isa = PBXBuildFile; fileRef = 378D05D62A038BC20063622F /* LoginViewModel.swift */; };
		378D05DA2A038DD30063622F /* Color.swift in Sources */ = {isa = PBXBuildFile; fileRef = 378D05D92A038DD30063622F /* Color.swift */; };
		378D05DC2A0390060063622F /* ViewUtils.swift in Sources */ = {isa = PBXBuildFile; fileRef = 378D05DB2A0390060063622F /* ViewUtils.swift */; };
		378D05DE2A03911F0063622F /* Config.swift in Sources */ = {isa = PBXBuildFile; fileRef = 378D05DD2A03911F0063622F /* Config.swift */; };
		378D05E02A0393580063622F /* TextCheckAlertView.swift in Sources */ = {isa = PBXBuildFile; fileRef = 378D05DF2A0393580063622F /* TextCheckAlertView.swift */; };
		378D05E22A0394110063622F /* TextFieldEamilAlertView.swift in Sources */ = {isa = PBXBuildFile; fileRef = 378D05E12A0394110063622F /* TextFieldEamilAlertView.swift */; };
		37EF579E2A0241E800A5DAA7 /* SwiftUiPracticeApp.swift in Sources */ = {isa = PBXBuildFile; fileRef = 37EF579D2A0241E800A5DAA7 /* SwiftUiPracticeApp.swift */; };
		37EF57A02A0241E800A5DAA7 /* ContentView.swift in Sources */ = {isa = PBXBuildFile; fileRef = 37EF579F2A0241E800A5DAA7 /* ContentView.swift */; };
		37EF57A22A0241EA00A5DAA7 /* Assets.xcassets in Resources */ = {isa = PBXBuildFile; fileRef = 37EF57A12A0241EA00A5DAA7 /* Assets.xcassets */; };
		37EF57A52A0241EA00A5DAA7 /* Preview Assets.xcassets in Resources */ = {isa = PBXBuildFile; fileRef = 37EF57A42A0241EA00A5DAA7 /* Preview Assets.xcassets */; };
		37EF57AF2A0241EB00A5DAA7 /* SwiftUiPracticeTests.swift in Sources */ = {isa = PBXBuildFile; fileRef = 37EF57AE2A0241EB00A5DAA7 /* SwiftUiPracticeTests.swift */; };
		37EF57B92A0241EB00A5DAA7 /* SwiftUiPracticeUITests.swift in Sources */ = {isa = PBXBuildFile; fileRef = 37EF57B82A0241EB00A5DAA7 /* SwiftUiPracticeUITests.swift */; };
		37EF57BB2A0241EB00A5DAA7 /* SwiftUiPracticeUITestsLaunchTests.swift in Sources */ = {isa = PBXBuildFile; fileRef = 37EF57BA2A0241EB00A5DAA7 /* SwiftUiPracticeUITestsLaunchTests.swift */; };
		37EF57C82A02436900A5DAA7 /* MainContentView.swift in Sources */ = {isa = PBXBuildFile; fileRef = 37EF57C72A02436900A5DAA7 /* MainContentView.swift */; };
		37EF57CA2A0264EA00A5DAA7 /* CircleImage.swift in Sources */ = {isa = PBXBuildFile; fileRef = 37EF57C92A0264EA00A5DAA7 /* CircleImage.swift */; };
		37EF57CC2A02662D00A5DAA7 /* MapView.swift in Sources */ = {isa = PBXBuildFile; fileRef = 37EF57CB2A02662D00A5DAA7 /* MapView.swift */; };
		37EF57D22A026D9F00A5DAA7 /* LandMark.swift in Sources */ = {isa = PBXBuildFile; fileRef = 37EF57D12A026D9F00A5DAA7 /* LandMark.swift */; };
/* End PBXBuildFile section */

/* Begin PBXContainerItemProxy section */
		37EF57AB2A0241EB00A5DAA7 /* PBXContainerItemProxy */ = {
			isa = PBXContainerItemProxy;
			containerPortal = 37EF57922A0241E800A5DAA7 /* Project object */;
			proxyType = 1;
			remoteGlobalIDString = 37EF57992A0241E800A5DAA7;
			remoteInfo = SwiftUiPractice;
		};
		37EF57B52A0241EB00A5DAA7 /* PBXContainerItemProxy */ = {
			isa = PBXContainerItemProxy;
			containerPortal = 37EF57922A0241E800A5DAA7 /* Project object */;
			proxyType = 1;
			remoteGlobalIDString = 37EF57992A0241E800A5DAA7;
			remoteInfo = SwiftUiPractice;
		};
/* End PBXContainerItemProxy section */

/* Begin PBXFileReference section */
		375662CC2A03491C0005FA8B /* ModelData.swift */ = {isa = PBXFileReference; lastKnownFileType = sourcecode.swift; path = ModelData.swift; sourceTree = "<group>"; };
		375662D12A03516A0005FA8B /* LandmarkRow.swift */ = {isa = PBXFileReference; lastKnownFileType = sourcecode.swift; name = LandmarkRow.swift; path = SwiftUiPractice/Resources/LandmarkRow.swift; sourceTree = SOURCE_ROOT; };
		375662D32A0358390005FA8B /* landmarkData.json */ = {isa = PBXFileReference; fileEncoding = 4; lastKnownFileType = text.json; name = landmarkData.json; path = ../../../../Downloads/BuildingListsAndNavigation/Resources/landmarkData.json; sourceTree = "<group>"; };
		375662D52A035CDD0005FA8B /* LandmarkList.swift */ = {isa = PBXFileReference; lastKnownFileType = sourcecode.swift; path = LandmarkList.swift; sourceTree = "<group>"; };
		375662D72A035F950005FA8B /* LandmarkDetail.swift */ = {isa = PBXFileReference; lastKnownFileType = sourcecode.swift; path = LandmarkDetail.swift; sourceTree = "<group>"; };
		378D05D12A038B250063622F /* LoginView.swift */ = {isa = PBXFileReference; fileEncoding = 4; lastKnownFileType = sourcecode.swift; name = LoginView.swift; path = ../../../TZ/TZ/View/LoginView.swift; sourceTree = "<group>"; };
		378D05D62A038BC20063622F /* LoginViewModel.swift */ = {isa = PBXFileReference; lastKnownFileType = sourcecode.swift; path = LoginViewModel.swift; sourceTree = "<group>"; };
		378D05D92A038DD30063622F /* Color.swift */ = {isa = PBXFileReference; lastKnownFileType = sourcecode.swift; path = Color.swift; sourceTree = "<group>"; };
		378D05DB2A0390060063622F /* ViewUtils.swift */ = {isa = PBXFileReference; lastKnownFileType = sourcecode.swift; path = ViewUtils.swift; sourceTree = "<group>"; };
		378D05DD2A03911F0063622F /* Config.swift */ = {isa = PBXFileReference; lastKnownFileType = sourcecode.swift; path = Config.swift; sourceTree = "<group>"; };
		378D05DF2A0393580063622F /* TextCheckAlertView.swift */ = {isa = PBXFileReference; lastKnownFileType = sourcecode.swift; path = TextCheckAlertView.swift; sourceTree = "<group>"; };
		378D05E12A0394110063622F /* TextFieldEamilAlertView.swift */ = {isa = PBXFileReference; lastKnownFileType = sourcecode.swift; path = TextFieldEamilAlertView.swift; sourceTree = "<group>"; };
		37EF579A2A0241E800A5DAA7 /* SwiftUiPractice.app */ = {isa = PBXFileReference; explicitFileType = wrapper.application; includeInIndex = 0; path = SwiftUiPractice.app; sourceTree = BUILT_PRODUCTS_DIR; };
		37EF579D2A0241E800A5DAA7 /* SwiftUiPracticeApp.swift */ = {isa = PBXFileReference; lastKnownFileType = sourcecode.swift; path = SwiftUiPracticeApp.swift; sourceTree = "<group>"; };
		37EF579F2A0241E800A5DAA7 /* ContentView.swift */ = {isa = PBXFileReference; lastKnownFileType = sourcecode.swift; path = ContentView.swift; sourceTree = "<group>"; };
		37EF57A12A0241EA00A5DAA7 /* Assets.xcassets */ = {isa = PBXFileReference; lastKnownFileType = folder.assetcatalog; path = Assets.xcassets; sourceTree = "<group>"; };
		37EF57A42A0241EA00A5DAA7 /* Preview Assets.xcassets */ = {isa = PBXFileReference; lastKnownFileType = folder.assetcatalog; path = "Preview Assets.xcassets"; sourceTree = "<group>"; };
		37EF57AA2A0241EB00A5DAA7 /* SwiftUiPracticeTests.xctest */ = {isa = PBXFileReference; explicitFileType = wrapper.cfbundle; includeInIndex = 0; path = SwiftUiPracticeTests.xctest; sourceTree = BUILT_PRODUCTS_DIR; };
		37EF57AE2A0241EB00A5DAA7 /* SwiftUiPracticeTests.swift */ = {isa = PBXFileReference; lastKnownFileType = sourcecode.swift; path = SwiftUiPracticeTests.swift; sourceTree = "<group>"; };
		37EF57B42A0241EB00A5DAA7 /* SwiftUiPracticeUITests.xctest */ = {isa = PBXFileReference; explicitFileType = wrapper.cfbundle; includeInIndex = 0; path = SwiftUiPracticeUITests.xctest; sourceTree = BUILT_PRODUCTS_DIR; };
		37EF57B82A0241EB00A5DAA7 /* SwiftUiPracticeUITests.swift */ = {isa = PBXFileReference; lastKnownFileType = sourcecode.swift; path = SwiftUiPracticeUITests.swift; sourceTree = "<group>"; };
		37EF57BA2A0241EB00A5DAA7 /* SwiftUiPracticeUITestsLaunchTests.swift */ = {isa = PBXFileReference; lastKnownFileType = sourcecode.swift; path = SwiftUiPracticeUITestsLaunchTests.swift; sourceTree = "<group>"; };
		37EF57C72A02436900A5DAA7 /* MainContentView.swift */ = {isa = PBXFileReference; lastKnownFileType = sourcecode.swift; path = MainContentView.swift; sourceTree = "<group>"; };
		37EF57C92A0264EA00A5DAA7 /* CircleImage.swift */ = {isa = PBXFileReference; lastKnownFileType = sourcecode.swift; path = CircleImage.swift; sourceTree = "<group>"; };
		37EF57CB2A02662D00A5DAA7 /* MapView.swift */ = {isa = PBXFileReference; lastKnownFileType = sourcecode.swift; path = MapView.swift; sourceTree = "<group>"; };
		37EF57D12A026D9F00A5DAA7 /* LandMark.swift */ = {isa = PBXFileReference; lastKnownFileType = sourcecode.swift; path = LandMark.swift; sourceTree = "<group>"; };
/* End PBXFileReference section */

/* Begin PBXFrameworksBuildPhase section */
		37EF57972A0241E800A5DAA7 /* Frameworks */ = {
			isa = PBXFrameworksBuildPhase;
			buildActionMask = 2147483647;
			files = (
				378D05D52A038B420063622F /* AlertToast in Frameworks */,
			);
			runOnlyForDeploymentPostprocessing = 0;
		};
		37EF57A72A0241EB00A5DAA7 /* Frameworks */ = {
			isa = PBXFrameworksBuildPhase;
			buildActionMask = 2147483647;
			files = (
			);
			runOnlyForDeploymentPostprocessing = 0;
		};
		37EF57B12A0241EB00A5DAA7 /* Frameworks */ = {
			isa = PBXFrameworksBuildPhase;
			buildActionMask = 2147483647;
			files = (
			);
			runOnlyForDeploymentPostprocessing = 0;
		};
/* End PBXFrameworksBuildPhase section */

/* Begin PBXGroup section */
		375662CE2A03507A0005FA8B /* Views */ = {
			isa = PBXGroup;
			children = (
				37EF57C72A02436900A5DAA7 /* MainContentView.swift */,
				375662D12A03516A0005FA8B /* LandmarkRow.swift */,
				37EF57C92A0264EA00A5DAA7 /* CircleImage.swift */,
				37EF57CB2A02662D00A5DAA7 /* MapView.swift */,
				37EF579F2A0241E800A5DAA7 /* ContentView.swift */,
				375662D52A035CDD0005FA8B /* LandmarkList.swift */,
				375662D72A035F950005FA8B /* LandmarkDetail.swift */,
			);
			path = Views;
			sourceTree = "<group>";
		};
		375662CF2A03509B0005FA8B /* Model */ = {
			isa = PBXGroup;
			children = (
				37EF57D12A026D9F00A5DAA7 /* LandMark.swift */,
				375662CC2A03491C0005FA8B /* ModelData.swift */,
			);
			path = Model;
			sourceTree = "<group>";
		};
		375662D02A0350AE0005FA8B /* Resources */ = {
			isa = PBXGroup;
			children = (
				375662D32A0358390005FA8B /* landmarkData.json */,
			);
			path = Resources;
			sourceTree = "<group>";
		};
		378D05D02A038B010063622F /* TZViews */ = {
			isa = PBXGroup;
			children = (
				378D05D82A038DBA0063622F /* extensions */,
				378D05D12A038B250063622F /* LoginView.swift */,
				378D05D62A038BC20063622F /* LoginViewModel.swift */,
				378D05DD2A03911F0063622F /* Config.swift */,
			);
			path = TZViews;
			sourceTree = "<group>";
		};
		378D05D82A038DBA0063622F /* extensions */ = {
			isa = PBXGroup;
			children = (
				378D05D92A038DD30063622F /* Color.swift */,
				378D05DB2A0390060063622F /* ViewUtils.swift */,
				378D05DF2A0393580063622F /* TextCheckAlertView.swift */,
				378D05E12A0394110063622F /* TextFieldEamilAlertView.swift */,
			);
			path = extensions;
			sourceTree = "<group>";
		};
		37EF57912A0241E800A5DAA7 = {
			isa = PBXGroup;
			children = (
				37EF579C2A0241E800A5DAA7 /* SwiftUiPractice */,
				37EF57AD2A0241EB00A5DAA7 /* SwiftUiPracticeTests */,
				37EF57B72A0241EB00A5DAA7 /* SwiftUiPracticeUITests */,
				37EF579B2A0241E800A5DAA7 /* Products */,
			);
			sourceTree = "<group>";
		};
		37EF579B2A0241E800A5DAA7 /* Products */ = {
			isa = PBXGroup;
			children = (
				37EF579A2A0241E800A5DAA7 /* SwiftUiPractice.app */,
				37EF57AA2A0241EB00A5DAA7 /* SwiftUiPracticeTests.xctest */,
				37EF57B42A0241EB00A5DAA7 /* SwiftUiPracticeUITests.xctest */,
			);
			name = Products;
			sourceTree = "<group>";
		};
		37EF579C2A0241E800A5DAA7 /* SwiftUiPractice */ = {
			isa = PBXGroup;
			children = (
				378D05D02A038B010063622F /* TZViews */,
				375662D02A0350AE0005FA8B /* Resources */,
				375662CF2A03509B0005FA8B /* Model */,
				375662CE2A03507A0005FA8B /* Views */,
				37EF579D2A0241E800A5DAA7 /* SwiftUiPracticeApp.swift */,
				37EF57A12A0241EA00A5DAA7 /* Assets.xcassets */,
				37EF57A32A0241EA00A5DAA7 /* Preview Content */,
			);
			path = SwiftUiPractice;
			sourceTree = "<group>";
		};
		37EF57A32A0241EA00A5DAA7 /* Preview Content */ = {
			isa = PBXGroup;
			children = (
				37EF57A42A0241EA00A5DAA7 /* Preview Assets.xcassets */,
			);
			path = "Preview Content";
			sourceTree = "<group>";
		};
		37EF57AD2A0241EB00A5DAA7 /* SwiftUiPracticeTests */ = {
			isa = PBXGroup;
			children = (
				37EF57AE2A0241EB00A5DAA7 /* SwiftUiPracticeTests.swift */,
			);
			path = SwiftUiPracticeTests;
			sourceTree = "<group>";
		};
		37EF57B72A0241EB00A5DAA7 /* SwiftUiPracticeUITests */ = {
			isa = PBXGroup;
			children = (
				37EF57B82A0241EB00A5DAA7 /* SwiftUiPracticeUITests.swift */,
				37EF57BA2A0241EB00A5DAA7 /* SwiftUiPracticeUITestsLaunchTests.swift */,
			);
			path = SwiftUiPracticeUITests;
			sourceTree = "<group>";
		};
/* End PBXGroup section */

/* Begin PBXNativeTarget section */
		37EF57992A0241E800A5DAA7 /* SwiftUiPractice */ = {
			isa = PBXNativeTarget;
			buildConfigurationList = 37EF57BE2A0241EB00A5DAA7 /* Build configuration list for PBXNativeTarget "SwiftUiPractice" */;
			buildPhases = (
				37EF57962A0241E800A5DAA7 /* Sources */,
				37EF57972A0241E800A5DAA7 /* Frameworks */,
				37EF57982A0241E800A5DAA7 /* Resources */,
			);
			buildRules = (
			);
			dependencies = (
			);
			name = SwiftUiPractice;
			packageProductDependencies = (
				378D05D42A038B420063622F /* AlertToast */,
			);
			productName = SwiftUiPractice;
			productReference = 37EF579A2A0241E800A5DAA7 /* SwiftUiPractice.app */;
			productType = "com.apple.product-type.application";
		};
		37EF57A92A0241EB00A5DAA7 /* SwiftUiPracticeTests */ = {
			isa = PBXNativeTarget;
			buildConfigurationList = 37EF57C12A0241EB00A5DAA7 /* Build configuration list for PBXNativeTarget "SwiftUiPracticeTests" */;
			buildPhases = (
				37EF57A62A0241EB00A5DAA7 /* Sources */,
				37EF57A72A0241EB00A5DAA7 /* Frameworks */,
				37EF57A82A0241EB00A5DAA7 /* Resources */,
			);
			buildRules = (
			);
			dependencies = (
				37EF57AC2A0241EB00A5DAA7 /* PBXTargetDependency */,
			);
			name = SwiftUiPracticeTests;
			productName = SwiftUiPracticeTests;
			productReference = 37EF57AA2A0241EB00A5DAA7 /* SwiftUiPracticeTests.xctest */;
			productType = "com.apple.product-type.bundle.unit-test";
		};
		37EF57B32A0241EB00A5DAA7 /* SwiftUiPracticeUITests */ = {
			isa = PBXNativeTarget;
			buildConfigurationList = 37EF57C42A0241EB00A5DAA7 /* Build configuration list for PBXNativeTarget "SwiftUiPracticeUITests" */;
			buildPhases = (
				37EF57B02A0241EB00A5DAA7 /* Sources */,
				37EF57B12A0241EB00A5DAA7 /* Frameworks */,
				37EF57B22A0241EB00A5DAA7 /* Resources */,
			);
			buildRules = (
			);
			dependencies = (
				37EF57B62A0241EB00A5DAA7 /* PBXTargetDependency */,
			);
			name = SwiftUiPracticeUITests;
			productName = SwiftUiPracticeUITests;
			productReference = 37EF57B42A0241EB00A5DAA7 /* SwiftUiPracticeUITests.xctest */;
			productType = "com.apple.product-type.bundle.ui-testing";
		};
/* End PBXNativeTarget section */

/* Begin PBXProject section */
		37EF57922A0241E800A5DAA7 /* Project object */ = {
			isa = PBXProject;
			attributes = {
				BuildIndependentTargetsInParallel = 1;
				LastSwiftUpdateCheck = 1420;
				LastUpgradeCheck = 1420;
				TargetAttributes = {
					37EF57992A0241E800A5DAA7 = {
						CreatedOnToolsVersion = 14.2;
					};
					37EF57A92A0241EB00A5DAA7 = {
						CreatedOnToolsVersion = 14.2;
						TestTargetID = 37EF57992A0241E800A5DAA7;
					};
					37EF57B32A0241EB00A5DAA7 = {
						CreatedOnToolsVersion = 14.2;
						TestTargetID = 37EF57992A0241E800A5DAA7;
					};
				};
			};
			buildConfigurationList = 37EF57952A0241E800A5DAA7 /* Build configuration list for PBXProject "SwiftUiPractice" */;
			compatibilityVersion = "Xcode 14.0";
			developmentRegion = en;
			hasScannedForEncodings = 0;
			knownRegions = (
				en,
				Base,
			);
			mainGroup = 37EF57912A0241E800A5DAA7;
			packageReferences = (
				378D05D32A038B410063622F /* XCRemoteSwiftPackageReference "AlertToast" */,
			);
			productRefGroup = 37EF579B2A0241E800A5DAA7 /* Products */;
			projectDirPath = "";
			projectRoot = "";
			targets = (
				37EF57992A0241E800A5DAA7 /* SwiftUiPractice */,
				37EF57A92A0241EB00A5DAA7 /* SwiftUiPracticeTests */,
				37EF57B32A0241EB00A5DAA7 /* SwiftUiPracticeUITests */,
			);
		};
/* End PBXProject section */

/* Begin PBXResourcesBuildPhase section */
		37EF57982A0241E800A5DAA7 /* Resources */ = {
			isa = PBXResourcesBuildPhase;
			buildActionMask = 2147483647;
			files = (
				37EF57A52A0241EA00A5DAA7 /* Preview Assets.xcassets in Resources */,
				37EF57A22A0241EA00A5DAA7 /* Assets.xcassets in Resources */,
				375662D42A0358390005FA8B /* landmarkData.json in Resources */,
			);
			runOnlyForDeploymentPostprocessing = 0;
		};
		37EF57A82A0241EB00A5DAA7 /* Resources */ = {
			isa = PBXResourcesBuildPhase;
			buildActionMask = 2147483647;
			files = (
			);
			runOnlyForDeploymentPostprocessing = 0;
		};
		37EF57B22A0241EB00A5DAA7 /* Resources */ = {
			isa = PBXResourcesBuildPhase;
			buildActionMask = 2147483647;
			files = (
			);
			runOnlyForDeploymentPostprocessing = 0;
		};
/* End PBXResourcesBuildPhase section */

/* Begin PBXSourcesBuildPhase section */
		37EF57962A0241E800A5DAA7 /* Sources */ = {
			isa = PBXSourcesBuildPhase;
			buildActionMask = 2147483647;
			files = (
				378D05DC2A0390060063622F /* ViewUtils.swift in Sources */,
				37EF57A02A0241E800A5DAA7 /* ContentView.swift in Sources */,
				378D05DE2A03911F0063622F /* Config.swift in Sources */,
				37EF57CA2A0264EA00A5DAA7 /* CircleImage.swift in Sources */,
				378D05E22A0394110063622F /* TextFieldEamilAlertView.swift in Sources */,
				37EF57CC2A02662D00A5DAA7 /* MapView.swift in Sources */,
				37EF57D22A026D9F00A5DAA7 /* LandMark.swift in Sources */,
				378D05DA2A038DD30063622F /* Color.swift in Sources */,
				375662D62A035CDD0005FA8B /* LandmarkList.swift in Sources */,
				37EF57C82A02436900A5DAA7 /* MainContentView.swift in Sources */,
				378D05E02A0393580063622F /* TextCheckAlertView.swift in Sources */,
				37EF579E2A0241E800A5DAA7 /* SwiftUiPracticeApp.swift in Sources */,
				375662D22A03516A0005FA8B /* LandmarkRow.swift in Sources */,
				378D05D72A038BC20063622F /* LoginViewModel.swift in Sources */,
				378D05D22A038B250063622F /* LoginView.swift in Sources */,
				375662D82A035F950005FA8B /* LandmarkDetail.swift in Sources */,
				375662CD2A03491C0005FA8B /* ModelData.swift in Sources */,
			);
			runOnlyForDeploymentPostprocessing = 0;
		};
		37EF57A62A0241EB00A5DAA7 /* Sources */ = {
			isa = PBXSourcesBuildPhase;
			buildActionMask = 2147483647;
			files = (
				37EF57AF2A0241EB00A5DAA7 /* SwiftUiPracticeTests.swift in Sources */,
			);
			runOnlyForDeploymentPostprocessing = 0;
		};
		37EF57B02A0241EB00A5DAA7 /* Sources */ = {
			isa = PBXSourcesBuildPhase;
			buildActionMask = 2147483647;
			files = (
				37EF57B92A0241EB00A5DAA7 /* SwiftUiPracticeUITests.swift in Sources */,
				37EF57BB2A0241EB00A5DAA7 /* SwiftUiPracticeUITestsLaunchTests.swift in Sources */,
			);
			runOnlyForDeploymentPostprocessing = 0;
		};
/* End PBXSourcesBuildPhase section */

/* Begin PBXTargetDependency section */
		37EF57AC2A0241EB00A5DAA7 /* PBXTargetDependency */ = {
			isa = PBXTargetDependency;
			target = 37EF57992A0241E800A5DAA7 /* SwiftUiPractice */;
			targetProxy = 37EF57AB2A0241EB00A5DAA7 /* PBXContainerItemProxy */;
		};
		37EF57B62A0241EB00A5DAA7 /* PBXTargetDependency */ = {
			isa = PBXTargetDependency;
			target = 37EF57992A0241E800A5DAA7 /* SwiftUiPractice */;
			targetProxy = 37EF57B52A0241EB00A5DAA7 /* PBXContainerItemProxy */;
		};
/* End PBXTargetDependency section */

/* Begin XCBuildConfiguration section */
		37EF57BC2A0241EB00A5DAA7 /* Debug */ = {
			isa = XCBuildConfiguration;
			buildSettings = {
				ALWAYS_SEARCH_USER_PATHS = NO;
				CLANG_ANALYZER_NONNULL = YES;
				CLANG_ANALYZER_NUMBER_OBJECT_CONVERSION = YES_AGGRESSIVE;
				CLANG_CXX_LANGUAGE_STANDARD = "gnu++20";
				CLANG_ENABLE_MODULES = YES;
				CLANG_ENABLE_OBJC_ARC = YES;
				CLANG_ENABLE_OBJC_WEAK = YES;
				CLANG_WARN_BLOCK_CAPTURE_AUTORELEASING = YES;
				CLANG_WARN_BOOL_CONVERSION = YES;
				CLANG_WARN_COMMA = YES;
				CLANG_WARN_CONSTANT_CONVERSION = YES;
				CLANG_WARN_DEPRECATED_OBJC_IMPLEMENTATIONS = YES;
				CLANG_WARN_DIRECT_OBJC_ISA_USAGE = YES_ERROR;
				CLANG_WARN_DOCUMENTATION_COMMENTS = YES;
				CLANG_WARN_EMPTY_BODY = YES;
				CLANG_WARN_ENUM_CONVERSION = YES;
				CLANG_WARN_INFINITE_RECURSION = YES;
				CLANG_WARN_INT_CONVERSION = YES;
				CLANG_WARN_NON_LITERAL_NULL_CONVERSION = YES;
				CLANG_WARN_OBJC_IMPLICIT_RETAIN_SELF = YES;
				CLANG_WARN_OBJC_LITERAL_CONVERSION = YES;
				CLANG_WARN_OBJC_ROOT_CLASS = YES_ERROR;
				CLANG_WARN_QUOTED_INCLUDE_IN_FRAMEWORK_HEADER = YES;
				CLANG_WARN_RANGE_LOOP_ANALYSIS = YES;
				CLANG_WARN_STRICT_PROTOTYPES = YES;
				CLANG_WARN_SUSPICIOUS_MOVE = YES;
				CLANG_WARN_UNGUARDED_AVAILABILITY = YES_AGGRESSIVE;
				CLANG_WARN_UNREACHABLE_CODE = YES;
				CLANG_WARN__DUPLICATE_METHOD_MATCH = YES;
				COPY_PHASE_STRIP = NO;
				DEBUG_INFORMATION_FORMAT = dwarf;
				ENABLE_STRICT_OBJC_MSGSEND = YES;
				ENABLE_TESTABILITY = YES;
				GCC_C_LANGUAGE_STANDARD = gnu11;
				GCC_DYNAMIC_NO_PIC = NO;
				GCC_NO_COMMON_BLOCKS = YES;
				GCC_OPTIMIZATION_LEVEL = 0;
				GCC_PREPROCESSOR_DEFINITIONS = (
					"DEBUG=1",
					"$(inherited)",
				);
				GCC_WARN_64_TO_32_BIT_CONVERSION = YES;
				GCC_WARN_ABOUT_RETURN_TYPE = YES_ERROR;
				GCC_WARN_UNDECLARED_SELECTOR = YES;
				GCC_WARN_UNINITIALIZED_AUTOS = YES_AGGRESSIVE;
				GCC_WARN_UNUSED_FUNCTION = YES;
				GCC_WARN_UNUSED_VARIABLE = YES;
				IPHONEOS_DEPLOYMENT_TARGET = 16.2;
				MTL_ENABLE_DEBUG_INFO = INCLUDE_SOURCE;
				MTL_FAST_MATH = YES;
				ONLY_ACTIVE_ARCH = YES;
				SDKROOT = iphoneos;
				SWIFT_ACTIVE_COMPILATION_CONDITIONS = DEBUG;
				SWIFT_OPTIMIZATION_LEVEL = "-Onone";
			};
			name = Debug;
		};
		37EF57BD2A0241EB00A5DAA7 /* Release */ = {
			isa = XCBuildConfiguration;
			buildSettings = {
				ALWAYS_SEARCH_USER_PATHS = NO;
				CLANG_ANALYZER_NONNULL = YES;
				CLANG_ANALYZER_NUMBER_OBJECT_CONVERSION = YES_AGGRESSIVE;
				CLANG_CXX_LANGUAGE_STANDARD = "gnu++20";
				CLANG_ENABLE_MODULES = YES;
				CLANG_ENABLE_OBJC_ARC = YES;
				CLANG_ENABLE_OBJC_WEAK = YES;
				CLANG_WARN_BLOCK_CAPTURE_AUTORELEASING = YES;
				CLANG_WARN_BOOL_CONVERSION = YES;
				CLANG_WARN_COMMA = YES;
				CLANG_WARN_CONSTANT_CONVERSION = YES;
				CLANG_WARN_DEPRECATED_OBJC_IMPLEMENTATIONS = YES;
				CLANG_WARN_DIRECT_OBJC_ISA_USAGE = YES_ERROR;
				CLANG_WARN_DOCUMENTATION_COMMENTS = YES;
				CLANG_WARN_EMPTY_BODY = YES;
				CLANG_WARN_ENUM_CONVERSION = YES;
				CLANG_WARN_INFINITE_RECURSION = YES;
				CLANG_WARN_INT_CONVERSION = YES;
				CLANG_WARN_NON_LITERAL_NULL_CONVERSION = YES;
				CLANG_WARN_OBJC_IMPLICIT_RETAIN_SELF = YES;
				CLANG_WARN_OBJC_LITERAL_CONVERSION = YES;
				CLANG_WARN_OBJC_ROOT_CLASS = YES_ERROR;
				CLANG_WARN_QUOTED_INCLUDE_IN_FRAMEWORK_HEADER = YES;
				CLANG_WARN_RANGE_LOOP_ANALYSIS = YES;
				CLANG_WARN_STRICT_PROTOTYPES = YES;
				CLANG_WARN_SUSPICIOUS_MOVE = YES;
				CLANG_WARN_UNGUARDED_AVAILABILITY = YES_AGGRESSIVE;
				CLANG_WARN_UNREACHABLE_CODE = YES;
				CLANG_WARN__DUPLICATE_METHOD_MATCH = YES;
				COPY_PHASE_STRIP = NO;
				DEBUG_INFORMATION_FORMAT = "dwarf-with-dsym";
				ENABLE_NS_ASSERTIONS = NO;
				ENABLE_STRICT_OBJC_MSGSEND = YES;
				GCC_C_LANGUAGE_STANDARD = gnu11;
				GCC_NO_COMMON_BLOCKS = YES;
				GCC_WARN_64_TO_32_BIT_CONVERSION = YES;
				GCC_WARN_ABOUT_RETURN_TYPE = YES_ERROR;
				GCC_WARN_UNDECLARED_SELECTOR = YES;
				GCC_WARN_UNINITIALIZED_AUTOS = YES_AGGRESSIVE;
				GCC_WARN_UNUSED_FUNCTION = YES;
				GCC_WARN_UNUSED_VARIABLE = YES;
				IPHONEOS_DEPLOYMENT_TARGET = 16.2;
				MTL_ENABLE_DEBUG_INFO = NO;
				MTL_FAST_MATH = YES;
				SDKROOT = iphoneos;
				SWIFT_COMPILATION_MODE = wholemodule;
				SWIFT_OPTIMIZATION_LEVEL = "-O";
				VALIDATE_PRODUCT = YES;
			};
			name = Release;
		};
		37EF57BF2A0241EB00A5DAA7 /* Debug */ = {
			isa = XCBuildConfiguration;
			buildSettings = {
				ASSETCATALOG_COMPILER_APPICON_NAME = AppIcon;
				ASSETCATALOG_COMPILER_GLOBAL_ACCENT_COLOR_NAME = AccentColor;
				CODE_SIGN_STYLE = Automatic;
				CURRENT_PROJECT_VERSION = 1;
				DEVELOPMENT_ASSET_PATHS = "\"SwiftUiPractice/Preview Content\"";
				DEVELOPMENT_TEAM = D767QGNA9L;
				ENABLE_PREVIEWS = YES;
				GENERATE_INFOPLIST_FILE = YES;
				INFOPLIST_KEY_UIApplicationSceneManifest_Generation = YES;
				INFOPLIST_KEY_UIApplicationSupportsIndirectInputEvents = YES;
				INFOPLIST_KEY_UILaunchScreen_Generation = YES;
				INFOPLIST_KEY_UISupportedInterfaceOrientations_iPad = "UIInterfaceOrientationPortrait UIInterfaceOrientationPortraitUpsideDown UIInterfaceOrientationLandscapeLeft UIInterfaceOrientationLandscapeRight";
				INFOPLIST_KEY_UISupportedInterfaceOrientations_iPhone = "UIInterfaceOrientationPortrait UIInterfaceOrientationLandscapeLeft UIInterfaceOrientationLandscapeRight";
				LD_RUNPATH_SEARCH_PATHS = (
					"$(inherited)",
					"@executable_path/Frameworks",
				);
				MARKETING_VERSION = 1.0;
				PRODUCT_BUNDLE_IDENTIFIER = practice.SwiftUiPractice;
				PRODUCT_NAME = "$(TARGET_NAME)";
				SWIFT_EMIT_LOC_STRINGS = YES;
				SWIFT_VERSION = 5.0;
				TARGETED_DEVICE_FAMILY = "1,2";
			};
			name = Debug;
		};
		37EF57C02A0241EB00A5DAA7 /* Release */ = {
			isa = XCBuildConfiguration;
			buildSettings = {
				ASSETCATALOG_COMPILER_APPICON_NAME = AppIcon;
				ASSETCATALOG_COMPILER_GLOBAL_ACCENT_COLOR_NAME = AccentColor;
				CODE_SIGN_STYLE = Automatic;
				CURRENT_PROJECT_VERSION = 1;
				DEVELOPMENT_ASSET_PATHS = "\"SwiftUiPractice/Preview Content\"";
				DEVELOPMENT_TEAM = D767QGNA9L;
				ENABLE_PREVIEWS = YES;
				GENERATE_INFOPLIST_FILE = YES;
				INFOPLIST_KEY_UIApplicationSceneManifest_Generation = YES;
				INFOPLIST_KEY_UIApplicationSupportsIndirectInputEvents = YES;
				INFOPLIST_KEY_UILaunchScreen_Generation = YES;
				INFOPLIST_KEY_UISupportedInterfaceOrientations_iPad = "UIInterfaceOrientationPortrait UIInterfaceOrientationPortraitUpsideDown UIInterfaceOrientationLandscapeLeft UIInterfaceOrientationLandscapeRight";
				INFOPLIST_KEY_UISupportedInterfaceOrientations_iPhone = "UIInterfaceOrientationPortrait UIInterfaceOrientationLandscapeLeft UIInterfaceOrientationLandscapeRight";
				LD_RUNPATH_SEARCH_PATHS = (
					"$(inherited)",
					"@executable_path/Frameworks",
				);
				MARKETING_VERSION = 1.0;
				PRODUCT_BUNDLE_IDENTIFIER = practice.SwiftUiPractice;
				PRODUCT_NAME = "$(TARGET_NAME)";
				SWIFT_EMIT_LOC_STRINGS = YES;
				SWIFT_VERSION = 5.0;
				TARGETED_DEVICE_FAMILY = "1,2";
			};
			name = Release;
		};
		37EF57C22A0241EB00A5DAA7 /* Debug */ = {
			isa = XCBuildConfiguration;
			buildSettings = {
				ALWAYS_EMBED_SWIFT_STANDARD_LIBRARIES = YES;
				BUNDLE_LOADER = "$(TEST_HOST)";
				CODE_SIGN_STYLE = Automatic;
				CURRENT_PROJECT_VERSION = 1;
				DEVELOPMENT_TEAM = D767QGNA9L;
				GENERATE_INFOPLIST_FILE = YES;
				IPHONEOS_DEPLOYMENT_TARGET = 16.2;
				MARKETING_VERSION = 1.0;
				PRODUCT_BUNDLE_IDENTIFIER = practice.SwiftUiPracticeTests;
				PRODUCT_NAME = "$(TARGET_NAME)";
				SWIFT_EMIT_LOC_STRINGS = NO;
				SWIFT_VERSION = 5.0;
				TARGETED_DEVICE_FAMILY = "1,2";
				TEST_HOST = "$(BUILT_PRODUCTS_DIR)/SwiftUiPractice.app/$(BUNDLE_EXECUTABLE_FOLDER_PATH)/SwiftUiPractice";
			};
			name = Debug;
		};
		37EF57C32A0241EB00A5DAA7 /* Release */ = {
			isa = XCBuildConfiguration;
			buildSettings = {
				ALWAYS_EMBED_SWIFT_STANDARD_LIBRARIES = YES;
				BUNDLE_LOADER = "$(TEST_HOST)";
				CODE_SIGN_STYLE = Automatic;
				CURRENT_PROJECT_VERSION = 1;
				DEVELOPMENT_TEAM = D767QGNA9L;
				GENERATE_INFOPLIST_FILE = YES;
				IPHONEOS_DEPLOYMENT_TARGET = 16.2;
				MARKETING_VERSION = 1.0;
				PRODUCT_BUNDLE_IDENTIFIER = practice.SwiftUiPracticeTests;
				PRODUCT_NAME = "$(TARGET_NAME)";
				SWIFT_EMIT_LOC_STRINGS = NO;
				SWIFT_VERSION = 5.0;
				TARGETED_DEVICE_FAMILY = "1,2";
				TEST_HOST = "$(BUILT_PRODUCTS_DIR)/SwiftUiPractice.app/$(BUNDLE_EXECUTABLE_FOLDER_PATH)/SwiftUiPractice";
			};
			name = Release;
		};
		37EF57C52A0241EB00A5DAA7 /* Debug */ = {
			isa = XCBuildConfiguration;
			buildSettings = {
				ALWAYS_EMBED_SWIFT_STANDARD_LIBRARIES = YES;
				CODE_SIGN_STYLE = Automatic;
				CURRENT_PROJECT_VERSION = 1;
				DEVELOPMENT_TEAM = D767QGNA9L;
				GENERATE_INFOPLIST_FILE = YES;
				MARKETING_VERSION = 1.0;
				PRODUCT_BUNDLE_IDENTIFIER = practice.SwiftUiPracticeUITests;
				PRODUCT_NAME = "$(TARGET_NAME)";
				SWIFT_EMIT_LOC_STRINGS = NO;
				SWIFT_VERSION = 5.0;
				TARGETED_DEVICE_FAMILY = "1,2";
				TEST_TARGET_NAME = SwiftUiPractice;
			};
			name = Debug;
		};
		37EF57C62A0241EB00A5DAA7 /* Release */ = {
			isa = XCBuildConfiguration;
			buildSettings = {
				ALWAYS_EMBED_SWIFT_STANDARD_LIBRARIES = YES;
				CODE_SIGN_STYLE = Automatic;
				CURRENT_PROJECT_VERSION = 1;
				DEVELOPMENT_TEAM = D767QGNA9L;
				GENERATE_INFOPLIST_FILE = YES;
				MARKETING_VERSION = 1.0;
				PRODUCT_BUNDLE_IDENTIFIER = practice.SwiftUiPracticeUITests;
				PRODUCT_NAME = "$(TARGET_NAME)";
				SWIFT_EMIT_LOC_STRINGS = NO;
				SWIFT_VERSION = 5.0;
				TARGETED_DEVICE_FAMILY = "1,2";
				TEST_TARGET_NAME = SwiftUiPractice;
			};
			name = Release;
		};
/* End XCBuildConfiguration section */

/* Begin XCConfigurationList section */
		37EF57952A0241E800A5DAA7 /* Build configuration list for PBXProject "SwiftUiPractice" */ = {
			isa = XCConfigurationList;
			buildConfigurations = (
				37EF57BC2A0241EB00A5DAA7 /* Debug */,
				37EF57BD2A0241EB00A5DAA7 /* Release */,
			);
			defaultConfigurationIsVisible = 0;
			defaultConfigurationName = Release;
		};
		37EF57BE2A0241EB00A5DAA7 /* Build configuration list for PBXNativeTarget "SwiftUiPractice" */ = {
			isa = XCConfigurationList;
			buildConfigurations = (
				37EF57BF2A0241EB00A5DAA7 /* Debug */,
				37EF57C02A0241EB00A5DAA7 /* Release */,
			);
			defaultConfigurationIsVisible = 0;
			defaultConfigurationName = Release;
		};
		37EF57C12A0241EB00A5DAA7 /* Build configuration list for PBXNativeTarget "SwiftUiPracticeTests" */ = {
			isa = XCConfigurationList;
			buildConfigurations = (
				37EF57C22A0241EB00A5DAA7 /* Debug */,
				37EF57C32A0241EB00A5DAA7 /* Release */,
			);
			defaultConfigurationIsVisible = 0;
			defaultConfigurationName = Release;
		};
		37EF57C42A0241EB00A5DAA7 /* Build configuration list for PBXNativeTarget "SwiftUiPracticeUITests" */ = {
			isa = XCConfigurationList;
			buildConfigurations = (
				37EF57C52A0241EB00A5DAA7 /* Debug */,
				37EF57C62A0241EB00A5DAA7 /* Release */,
			);
			defaultConfigurationIsVisible = 0;
			defaultConfigurationName = Release;
		};
/* End XCConfigurationList section */

/* Begin XCRemoteSwiftPackageReference section */
		378D05D32A038B410063622F /* XCRemoteSwiftPackageReference "AlertToast" */ = {
			isa = XCRemoteSwiftPackageReference;
			repositoryURL = "https://github.com/elai950/AlertToast.git";
			requirement = {
				branch = master;
				kind = branch;
			};
		};
/* End XCRemoteSwiftPackageReference section */

/* Begin XCSwiftPackageProductDependency section */
		378D05D42A038B420063622F /* AlertToast */ = {
			isa = XCSwiftPackageProductDependency;
			package = 378D05D32A038B410063622F /* XCRemoteSwiftPackageReference "AlertToast" */;
			productName = AlertToast;
		};
/* End XCSwiftPackageProductDependency section */
	};
	rootObject = 37EF57922A0241E800A5DAA7 /* Project object */;
}
